
Microsoft Visual Studio Solution File, Format Version 12.00
# Visual Studio Version 17
VisualStudioVersion = 17.5.33516.290
MinimumVisualStudioVersion = 10.0.40219.1
Project("{FAE04EC0-301F-11D3-BF4B-00C04F79EFBC}") = "ConsoleApp1", "ConsoleApp1.csproj", "{65BC083F-77DD-4B0A-8749-09B39D537D7B}"
EndProject
Global
	GlobalSection(SolutionConfigurationPlatforms) = preSolution
		Debug|Any CPU = Debug|Any CPU
		Release|Any CPU = Release|Any CPU
	EndGlobalSection
	GlobalSection(ProjectConfigurationPlatforms) = postSolution
		{65BC083F-77DD-4B0A-8749-09B39D537D7B}.Debug|Any CPU.ActiveCfg = Debug|Any CPU
		{65BC083F-77DD-4B0A-8749-09B39D537D7B}.Debug|Any CPU.Build.0 = Debug|Any CPU
		{65BC083F-77DD-4B0A-8749-09B39D537D7B}.Release|Any CPU.ActiveCfg = Release|Any CPU
		{65BC083F-77DD-4B0A-8749-09B39D537D7B}.Release|Any CPU.Build.0 = Release|Any CPU
	EndGlobalSection
	GlobalSection(SolutionProperties) = preSolution
		HideSolutionNode = FALSE
	EndGlobalSection
	GlobalSection(ExtensibilityGlobals) = postSolution
		SolutionGuid = {037F89C8-9456-4ADF-AB87-B58CCF82F464}
	EndGlobalSection
EndGlobal
